# @generated by Move, please check-in and do not edit manually.

[move]
version = 3
manifest_digest = "5EEFB0835BEBE5EBE72A0F359F92ED5ABD18D480329DC67211EEB3420A298E8E"
deps_digest = "F8BBB0CCB2491CA29A3DF03D6F92277A4F3574266507ACD77214D37ECA3F3082"
dependencies = [
  { id = "Sui", name = "Sui" },
]

[[move.package]]
id = "MoveStdlib"
source = { git = "https://github.com/MystenLabs/sui.git", rev = "testnet", subdir = "crates\\sui-framework\\packages\\move-stdlib" }

[[move.package]]
id = "Sui"
source = { git = "https://github.com/MystenLabs/sui.git", rev = "testnet", subdir = "crates/sui-framework/packages/sui-framework" }

dependencies = [
  { id = "MoveStdlib", name = "MoveStdlib" },
]

[move.toolchain-version]
compiler-version = "1.61.1"
edition = "2024"
flavor = "sui"

[env]

[env.testnet]
chain-id = "4c78adac"
original-published-id = "0xb08c7879852a3c12bffe1f326ebb1746a622f00bac179f1f832b5199e88c3e23"
latest-published-id = "0xb08c7879852a3c12bffe1f326ebb1746a622f00bac179f1f832b5199e88c3e23"
published-version = "1"
